// !$*UTF8*$!
{
	archiveVersion = 1;
	classes = {
	};
	objectVersion = 56;
	objects = {

/* Begin PBXBuildFile section */
		783F39F429EA5F3A00D8424D /* AppDelegate.swift in Sources */ = {isa = PBXBuildFile; fileRef = 783F39F329EA5F3A00D8424D /* AppDelegate.swift */; };
		783F39F629EA5F3A00D8424D /* SceneDelegate.swift in Sources */ = {isa = PBXBuildFile; fileRef = 783F39F529EA5F3A00D8424D /* SceneDelegate.swift */; };
		783F39F829EA5F3A00D8424D /* MainViewController.swift in Sources */ = {isa = PBXBuildFile; fileRef = 783F39F729EA5F3A00D8424D /* MainViewController.swift */; };
		783F39FD29EA5F3A00D8424D /* Assets.xcassets in Resources */ = {isa = PBXBuildFile; fileRef = 783F39FC29EA5F3A00D8424D /* Assets.xcassets */; };
		783F3A0029EA5F3A00D8424D /* LaunchScreen.storyboard in Resources */ = {isa = PBXBuildFile; fileRef = 783F39FE29EA5F3A00D8424D /* LaunchScreen.storyboard */; };
		783F3A0B29EA5F3A00D8424D /* SeegnalTests.swift in Sources */ = {isa = PBXBuildFile; fileRef = 783F3A0A29EA5F3A00D8424D /* SeegnalTests.swift */; };
		783F3A1529EA5F3A00D8424D /* SeegnalUITests.swift in Sources */ = {isa = PBXBuildFile; fileRef = 783F3A1429EA5F3A00D8424D /* SeegnalUITests.swift */; };
		783F3A1729EA5F3A00D8424D /* SeegnalUITestsLaunchTests.swift in Sources */ = {isa = PBXBuildFile; fileRef = 783F3A1629EA5F3A00D8424D /* SeegnalUITestsLaunchTests.swift */; };
		783F3A2529EA64F300D8424D /* AVFoundation.framework in Frameworks */ = {isa = PBXBuildFile; fileRef = 783F3A2429EA64F300D8424D /* AVFoundation.framework */; };
/* End PBXBuildFile section */

/* Begin PBXContainerItemProxy section */
		783F3A0729EA5F3A00D8424D /* PBXContainerItemProxy */ = {
			isa = PBXContainerItemProxy;
			containerPortal = 783F39E829EA5F3A00D8424D /* Project object */;
			proxyType = 1;
			remoteGlobalIDString = 783F39EF29EA5F3A00D8424D;
			remoteInfo = Seegnal;
		};
		783F3A1129EA5F3A00D8424D /* PBXContainerItemProxy */ = {
			isa = PBXContainerItemProxy;
			containerPortal = 783F39E829EA5F3A00D8424D /* Project object */;
			proxyType = 1;
			remoteGlobalIDString = 783F39EF29EA5F3A00D8424D;
			remoteInfo = Seegnal;
		};
/* End PBXContainerItemProxy section */

/* Begin PBXFileReference section */
		783F39F029EA5F3A00D8424D /* Seegnal.app */ = {isa = PBXFileReference; explicitFileType = wrapper.application; includeInIndex = 0; path = Seegnal.app; sourceTree = BUILT_PRODUCTS_DIR; };
		783F39F329EA5F3A00D8424D /* AppDelegate.swift */ = {isa = PBXFileReference; lastKnownFileType = sourcecode.swift; path = AppDelegate.swift; sourceTree = "<group>"; };
		783F39F529EA5F3A00D8424D /* SceneDelegate.swift */ = {isa = PBXFileReference; lastKnownFileType = sourcecode.swift; path = SceneDelegate.swift; sourceTree = "<group>"; };
		783F39F729EA5F3A00D8424D /* MainViewController.swift */ = {isa = PBXFileReference; lastKnownFileType = sourcecode.swift; path = MainViewController.swift; sourceTree = "<group>"; };
		783F39FC29EA5F3A00D8424D /* Assets.xcassets */ = {isa = PBXFileReference; lastKnownFileType = folder.assetcatalog; path = Assets.xcassets; sourceTree = "<group>"; };
		783F39FF29EA5F3A00D8424D /* Base */ = {isa = PBXFileReference; lastKnownFileType = file.storyboard; name = Base; path = Base.lproj/LaunchScreen.storyboard; sourceTree = "<group>"; };
		783F3A0129EA5F3A00D8424D /* Info.plist */ = {isa = PBXFileReference; lastKnownFileType = text.plist.xml; path = Info.plist; sourceTree = "<group>"; };
		783F3A0629EA5F3A00D8424D /* SeegnalTests.xctest */ = {isa = PBXFileReference; explicitFileType = wrapper.cfbundle; includeInIndex = 0; path = SeegnalTests.xctest; sourceTree = BUILT_PRODUCTS_DIR; };
		783F3A0A29EA5F3A00D8424D /* SeegnalTests.swift */ = {isa = PBXFileReference; lastKnownFileType = sourcecode.swift; path = SeegnalTests.swift; sourceTree = "<group>"; };
		783F3A1029EA5F3A00D8424D /* SeegnalUITests.xctest */ = {isa = PBXFileReference; explicitFileType = wrapper.cfbundle; includeInIndex = 0; path = SeegnalUITests.xctest; sourceTree = BUILT_PRODUCTS_DIR; };
		783F3A1429EA5F3A00D8424D /* SeegnalUITests.swift */ = {isa = PBXFileReference; lastKnownFileType = sourcecode.swift; path = SeegnalUITests.swift; sourceTree = "<group>"; };
		783F3A1629EA5F3A00D8424D /* SeegnalUITestsLaunchTests.swift */ = {isa = PBXFileReference; lastKnownFileType = sourcecode.swift; path = SeegnalUITestsLaunchTests.swift; sourceTree = "<group>"; };
		783F3A2429EA64F300D8424D /* AVFoundation.framework */ = {isa = PBXFileReference; lastKnownFileType = wrapper.framework; name = AVFoundation.framework; path = System/Library/Frameworks/AVFoundation.framework; sourceTree = SDKROOT; };
/* End PBXFileReference section */

/* Begin PBXFrameworksBuildPhase section */
		783F39ED29EA5F3A00D8424D /* Frameworks */ = {
			isa = PBXFrameworksBuildPhase;
			buildActionMask = 2147483647;
			files = (
				783F3A2529EA64F300D8424D /* AVFoundation.framework in Frameworks */,
			);
			runOnlyForDeploymentPostprocessing = 0;
		};
		783F3A0329EA5F3A00D8424D /* Frameworks */ = {
			isa = PBXFrameworksBuildPhase;
			buildActionMask = 2147483647;
			files = (
			);
			runOnlyForDeploymentPostprocessing = 0;
		};
		783F3A0D29EA5F3A00D8424D /* Frameworks */ = {
			isa = PBXFrameworksBuildPhase;
			buildActionMask = 2147483647;
			files = (
			);
			runOnlyForDeploymentPostprocessing = 0;
		};
/* End PBXFrameworksBuildPhase section */

/* Begin PBXGroup section */
		783F39E729EA5F3A00D8424D = {
			isa = PBXGroup;
			children = (
				783F39F229EA5F3A00D8424D /* Seegnal */,
				783F3A0929EA5F3A00D8424D /* SeegnalTests */,
				783F3A1329EA5F3A00D8424D /* SeegnalUITests */,
				783F39F129EA5F3A00D8424D /* Products */,
				783F3A2329EA64F200D8424D /* Frameworks */,
			);
			sourceTree = "<group>";
		};
		783F39F129EA5F3A00D8424D /* Products */ = {
			isa = PBXGroup;
			children = (
				783F39F029EA5F3A00D8424D /* Seegnal.app */,
				783F3A0629EA5F3A00D8424D /* SeegnalTests.xctest */,
				783F3A1029EA5F3A00D8424D /* SeegnalUITests.xctest */,
			);
			name = Products;
			sourceTree = "<group>";
		};
		783F39F229EA5F3A00D8424D /* Seegnal */ = {
			isa = PBXGroup;
			children = (
				783F39F329EA5F3A00D8424D /* AppDelegate.swift */,
				783F39F529EA5F3A00D8424D /* SceneDelegate.swift */,
				783F39F729EA5F3A00D8424D /* MainViewController.swift */,
				783F39FC29EA5F3A00D8424D /* Assets.xcassets */,
				783F39FE29EA5F3A00D8424D /* LaunchScreen.storyboard */,
				783F3A0129EA5F3A00D8424D /* Info.plist */,
			);
			path = Seegnal;
			sourceTree = "<group>";
		};
		783F3A0929EA5F3A00D8424D /* SeegnalTests */ = {
			isa = PBXGroup;
			children = (
				783F3A0A29EA5F3A00D8424D /* SeegnalTests.swift */,
			);
			path = SeegnalTests;
			sourceTree = "<group>";
		};
		783F3A1329EA5F3A00D8424D /* SeegnalUITests */ = {
			isa = PBXGroup;
			children = (
				783F3A1429EA5F3A00D8424D /* SeegnalUITests.swift */,
				783F3A1629EA5F3A00D8424D /* SeegnalUITestsLaunchTests.swift */,
			);
			path = SeegnalUITests;
			sourceTree = "<group>";
		};
		783F3A2329EA64F200D8424D /* Frameworks */ = {
			isa = PBXGroup;
			children = (
				783F3A2429EA64F300D8424D /* AVFoundation.framework */,
			);
			name = Frameworks;
			sourceTree = "<group>";
		};
/* End PBXGroup section */

/* Begin PBXNativeTarget section */
		783F39EF29EA5F3A00D8424D /* Seegnal */ = {
			isa = PBXNativeTarget;
			buildConfigurationList = 783F3A1A29EA5F3A00D8424D /* Build configuration list for PBXNativeTarget "Seegnal" */;
			buildPhases = (
				783F39EC29EA5F3A00D8424D /* Sources */,
				783F39ED29EA5F3A00D8424D /* Frameworks */,
				783F39EE29EA5F3A00D8424D /* Resources */,
			);
			buildRules = (
			);
			dependencies = (
			);
			name = Seegnal;
			productName = Seegnal;
			productReference = 783F39F029EA5F3A00D8424D /* Seegnal.app */;
			productType = "com.apple.product-type.application";
		};
		783F3A0529EA5F3A00D8424D /* SeegnalTests */ = {
			isa = PBXNativeTarget;
			buildConfigurationList = 783F3A1D29EA5F3A00D8424D /* Build configuration list for PBXNativeTarget "SeegnalTests" */;
			buildPhases = (
				783F3A0229EA5F3A00D8424D /* Sources */,
				783F3A0329EA5F3A00D8424D /* Frameworks */,
				783F3A0429EA5F3A00D8424D /* Resources */,
			);
			buildRules = (
			);
			dependencies = (
				783F3A0829EA5F3A00D8424D /* PBXTargetDependency */,
			);
			name = SeegnalTests;
			productName = SeegnalTests;
			productReference = 783F3A0629EA5F3A00D8424D /* SeegnalTests.xctest */;
			productType = "com.apple.product-type.bundle.unit-test";
		};
		783F3A0F29EA5F3A00D8424D /* SeegnalUITests */ = {
			isa = PBXNativeTarget;
			buildConfigurationList = 783F3A2029EA5F3A00D8424D /* Build configuration list for PBXNativeTarget "SeegnalUITests" */;
			buildPhases = (
				783F3A0C29EA5F3A00D8424D /* Sources */,
				783F3A0D29EA5F3A00D8424D /* Frameworks */,
				783F3A0E29EA5F3A00D8424D /* Resources */,
			);
			buildRules = (
			);
			dependencies = (
				783F3A1229EA5F3A00D8424D /* PBXTargetDependency */,
			);
			name = SeegnalUITests;
			productName = SeegnalUITests;
			productReference = 783F3A1029EA5F3A00D8424D /* SeegnalUITests.xctest */;
			productType = "com.apple.product-type.bundle.ui-testing";
		};
/* End PBXNativeTarget section */

/* Begin PBXProject section */
		783F39E829EA5F3A00D8424D /* Project object */ = {
			isa = PBXProject;
			attributes = {
				BuildIndependentTargetsInParallel = 1;
				LastSwiftUpdateCheck = 1430;
				LastUpgradeCheck = 1430;
				TargetAttributes = {
					783F39EF29EA5F3A00D8424D = {
						CreatedOnToolsVersion = 14.3;
					};
					783F3A0529EA5F3A00D8424D = {
						CreatedOnToolsVersion = 14.3;
						TestTargetID = 783F39EF29EA5F3A00D8424D;
					};
					783F3A0F29EA5F3A00D8424D = {
						CreatedOnToolsVersion = 14.3;
						TestTargetID = 783F39EF29EA5F3A00D8424D;
					};
				};
			};
			buildConfigurationList = 783F39EB29EA5F3A00D8424D /* Build configuration list for PBXProject "Seegnal" */;
			compatibilityVersion = "Xcode 14.0";
			developmentRegion = en;
			hasScannedForEncodings = 0;
			knownRegions = (
				en,
				Base,
			);
			mainGroup = 783F39E729EA5F3A00D8424D;
			productRefGroup = 783F39F129EA5F3A00D8424D /* Products */;
			projectDirPath = "";
			projectRoot = "";
			targets = (
				783F39EF29EA5F3A00D8424D /* Seegnal */,
				783F3A0529EA5F3A00D8424D /* SeegnalTests */,
				783F3A0F29EA5F3A00D8424D /* SeegnalUITests */,
			);
		};
/* End PBXProject section */

/* Begin PBXResourcesBuildPhase section */
		783F39EE29EA5F3A00D8424D /* Resources */ = {
			isa = PBXResourcesBuildPhase;
			buildActionMask = 2147483647;
			files = (
				783F3A0029EA5F3A00D8424D /* LaunchScreen.storyboard in Resources */,
				783F39FD29EA5F3A00D8424D /* Assets.xcassets in Resources */,
			);
			runOnlyForDeploymentPostprocessing = 0;
		};
		783F3A0429EA5F3A00D8424D /* Resources */ = {
			isa = PBXResourcesBuildPhase;
			buildActionMask = 2147483647;
			files = (
			);
			runOnlyForDeploymentPostprocessing = 0;
		};
		783F3A0E29EA5F3A00D8424D /* Resources */ = {
			isa = PBXResourcesBuildPhase;
			buildActionMask = 2147483647;
			files = (
			);
			runOnlyForDeploymentPostprocessing = 0;
		};
/* End PBXResourcesBuildPhase section */

/* Begin PBXSourcesBuildPhase section */
		783F39EC29EA5F3A00D8424D /* Sources */ = {
			isa = PBXSourcesBuildPhase;
			buildActionMask = 2147483647;
			files = (
				783F39F829EA5F3A00D8424D /* MainViewController.swift in Sources */,
				783F39F429EA5F3A00D8424D /* AppDelegate.swift in Sources */,
				783F39F629EA5F3A00D8424D /* SceneDelegate.swift in Sources */,
			);
			runOnlyForDeploymentPostprocessing = 0;
		};
		783F3A0229EA5F3A00D8424D /* Sources */ = {
			isa = PBXSourcesBuildPhase;
			buildActionMask = 2147483647;
			files = (
				783F3A0B29EA5F3A00D8424D /* SeegnalTests.swift in Sources */,
			);
			runOnlyForDeploymentPostprocessing = 0;
		};
		783F3A0C29EA5F3A00D8424D /* Sources */ = {
			isa = PBXSourcesBuildPhase;
			buildActionMask = 2147483647;
			files = (
				783F3A1729EA5F3A00D8424D /* SeegnalUITestsLaunchTests.swift in Sources */,
				783F3A1529EA5F3A00D8424D /* SeegnalUITests.swift in Sources */,
			);
			runOnlyForDeploymentPostprocessing = 0;
		};
/* End PBXSourcesBuildPhase section */

/* Begin PBXTargetDependency section */
		783F3A0829EA5F3A00D8424D /* PBXTargetDependency */ = {
			isa = PBXTargetDependency;
			target = 783F39EF29EA5F3A00D8424D /* Seegnal */;
			targetProxy = 783F3A0729EA5F3A00D8424D /* PBXContainerItemProxy */;
		};
		783F3A1229EA5F3A00D8424D /* PBXTargetDependency */ = {
			isa = PBXTargetDependency;
			target = 783F39EF29EA5F3A00D8424D /* Seegnal */;
			targetProxy = 783F3A1129EA5F3A00D8424D /* PBXContainerItemProxy */;
		};
/* End PBXTargetDependency section */

/* Begin PBXVariantGroup section */
		783F39FE29EA5F3A00D8424D /* LaunchScreen.storyboard */ = {
			isa = PBXVariantGroup;
			children = (
				783F39FF29EA5F3A00D8424D /* Base */,
			);
			name = LaunchScreen.storyboard;
			sourceTree = "<group>";
		};
/* End PBXVariantGroup section */

/* Begin XCBuildConfiguration section */
		783F3A1829EA5F3A00D8424D /* Debug */ = {
			isa = XCBuildConfiguration;
			buildSettings = {
				ALWAYS_SEARCH_USER_PATHS = NO;
				CLANG_ANALYZER_NONNULL = YES;
				CLANG_ANALYZER_NUMBER_OBJECT_CONVERSION = YES_AGGRESSIVE;
				CLANG_CXX_LANGUAGE_STANDARD = "gnu++20";
				CLANG_ENABLE_MODULES = YES;
				CLANG_ENABLE_OBJC_ARC = YES;
				CLANG_ENABLE_OBJC_WEAK = YES;
				CLANG_WARN_BLOCK_CAPTURE_AUTORELEASING = YES;
				CLANG_WARN_BOOL_CONVERSION = YES;
				CLANG_WARN_COMMA = YES;
				CLANG_WARN_CONSTANT_CONVERSION = YES;
				CLANG_WARN_DEPRECATED_OBJC_IMPLEMENTATIONS = YES;
				CLANG_WARN_DIRECT_OBJC_ISA_USAGE = YES_ERROR;
				CLANG_WARN_DOCUMENTATION_COMMENTS = YES;
				CLANG_WARN_EMPTY_BODY = YES;
				CLANG_WARN_ENUM_CONVERSION = YES;
				CLANG_WARN_INFINITE_RECURSION = YES;
				CLANG_WARN_INT_CONVERSION = YES;
				CLANG_WARN_NON_LITERAL_NULL_CONVERSION = YES;
				CLANG_WARN_OBJC_IMPLICIT_RETAIN_SELF = YES;
				CLANG_WARN_OBJC_LITERAL_CONVERSION = YES;
				CLANG_WARN_OBJC_ROOT_CLASS = YES_ERROR;
				CLANG_WARN_QUOTED_INCLUDE_IN_FRAMEWORK_HEADER = YES;
				CLANG_WARN_RANGE_LOOP_ANALYSIS = YES;
				CLANG_WARN_STRICT_PROTOTYPES = YES;
				CLANG_WARN_SUSPICIOUS_MOVE = YES;
				CLANG_WARN_UNGUARDED_AVAILABILITY = YES_AGGRESSIVE;
				CLANG_WARN_UNREACHABLE_CODE = YES;
				CLANG_WARN__DUPLICATE_METHOD_MATCH = YES;
				COPY_PHASE_STRIP = NO;
				DEBUG_INFORMATION_FORMAT = dwarf;
				ENABLE_STRICT_OBJC_MSGSEND = YES;
				ENABLE_TESTABILITY = YES;
				GCC_C_LANGUAGE_STANDARD = gnu11;
				GCC_DYNAMIC_NO_PIC = NO;
				GCC_NO_COMMON_BLOCKS = YES;
				GCC_OPTIMIZATION_LEVEL = 0;
				GCC_PREPROCESSOR_DEFINITIONS = (
					"DEBUG=1",
					"$(inherited)",
				);
				GCC_WARN_64_TO_32_BIT_CONVERSION = YES;
				GCC_WARN_ABOUT_RETURN_TYPE = YES_ERROR;
				GCC_WARN_UNDECLARED_SELECTOR = YES;
				GCC_WARN_UNINITIALIZED_AUTOS = YES_AGGRESSIVE;
				GCC_WARN_UNUSED_FUNCTION = YES;
				GCC_WARN_UNUSED_VARIABLE = YES;
				IPHONEOS_DEPLOYMENT_TARGET = 16.4;
				MTL_ENABLE_DEBUG_INFO = INCLUDE_SOURCE;
				MTL_FAST_MATH = YES;
				ONLY_ACTIVE_ARCH = YES;
				SDKROOT = iphoneos;
				SWIFT_ACTIVE_COMPILATION_CONDITIONS = DEBUG;
				SWIFT_OPTIMIZATION_LEVEL = "-Onone";
			};
			name = Debug;
		};
		783F3A1929EA5F3A00D8424D /* Release */ = {
			isa = XCBuildConfiguration;
			buildSettings = {
				ALWAYS_SEARCH_USER_PATHS = NO;
				CLANG_ANALYZER_NONNULL = YES;
				CLANG_ANALYZER_NUMBER_OBJECT_CONVERSION = YES_AGGRESSIVE;
				CLANG_CXX_LANGUAGE_STANDARD = "gnu++20";
				CLANG_ENABLE_MODULES = YES;
				CLANG_ENABLE_OBJC_ARC = YES;
				CLANG_ENABLE_OBJC_WEAK = YES;
				CLANG_WARN_BLOCK_CAPTURE_AUTORELEASING = YES;
				CLANG_WARN_BOOL_CONVERSION = YES;
				CLANG_WARN_COMMA = YES;
				CLANG_WARN_CONSTANT_CONVERSION = YES;
				CLANG_WARN_DEPRECATED_OBJC_IMPLEMENTATIONS = YES;
				CLANG_WARN_DIRECT_OBJC_ISA_USAGE = YES_ERROR;
				CLANG_WARN_DOCUMENTATION_COMMENTS = YES;
				CLANG_WARN_EMPTY_BODY = YES;
				CLANG_WARN_ENUM_CONVERSION = YES;
				CLANG_WARN_INFINITE_RECURSION = YES;
				CLANG_WARN_INT_CONVERSION = YES;
				CLANG_WARN_NON_LITERAL_NULL_CONVERSION = YES;
				CLANG_WARN_OBJC_IMPLICIT_RETAIN_SELF = YES;
				CLANG_WARN_OBJC_LITERAL_CONVERSION = YES;
				CLANG_WARN_OBJC_ROOT_CLASS = YES_ERROR;
				CLANG_WARN_QUOTED_INCLUDE_IN_FRAMEWORK_HEADER = YES;
				CLANG_WARN_RANGE_LOOP_ANALYSIS = YES;
				CLANG_WARN_STRICT_PROTOTYPES = YES;
				CLANG_WARN_SUSPICIOUS_MOVE = YES;
				CLANG_WARN_UNGUARDED_AVAILABILITY = YES_AGGRESSIVE;
				CLANG_WARN_UNREACHABLE_CODE = YES;
				CLANG_WARN__DUPLICATE_METHOD_MATCH = YES;
				COPY_PHASE_STRIP = NO;
				DEBUG_INFORMATION_FORMAT = "dwarf-with-dsym";
				ENABLE_NS_ASSERTIONS = NO;
				ENABLE_STRICT_OBJC_MSGSEND = YES;
				GCC_C_LANGUAGE_STANDARD = gnu11;
				GCC_NO_COMMON_BLOCKS = YES;
				GCC_WARN_64_TO_32_BIT_CONVERSION = YES;
				GCC_WARN_ABOUT_RETURN_TYPE = YES_ERROR;
				GCC_WARN_UNDECLARED_SELECTOR = YES;
				GCC_WARN_UNINITIALIZED_AUTOS = YES_AGGRESSIVE;
				GCC_WARN_UNUSED_FUNCTION = YES;
				GCC_WARN_UNUSED_VARIABLE = YES;
				IPHONEOS_DEPLOYMENT_TARGET = 16.4;
				MTL_ENABLE_DEBUG_INFO = NO;
				MTL_FAST_MATH = YES;
				SDKROOT = iphoneos;
				SWIFT_COMPILATION_MODE = wholemodule;
				SWIFT_OPTIMIZATION_LEVEL = "-O";
				VALIDATE_PRODUCT = YES;
			};
			name = Release;
		};
		783F3A1B29EA5F3A00D8424D /* Debug */ = {
			isa = XCBuildConfiguration;
			buildSettings = {
				ASSETCATALOG_COMPILER_APPICON_NAME = AppIcon;
				ASSETCATALOG_COMPILER_GLOBAL_ACCENT_COLOR_NAME = AccentColor;
				CODE_SIGN_STYLE = Automatic;
				CURRENT_PROJECT_VERSION = 1;
				DEVELOPMENT_TEAM = 3ZYNC2J93W;
				GENERATE_INFOPLIST_FILE = YES;
				INFOPLIST_FILE = Seegnal/Info.plist;
				INFOPLIST_KEY_UIApplicationSupportsIndirectInputEvents = YES;
				INFOPLIST_KEY_UILaunchStoryboardName = LaunchScreen;
				INFOPLIST_KEY_UISupportedInterfaceOrientations_iPad = "UIInterfaceOrientationPortrait UIInterfaceOrientationPortraitUpsideDown UIInterfaceOrientationLandscapeLeft UIInterfaceOrientationLandscapeRight";
				INFOPLIST_KEY_UISupportedInterfaceOrientations_iPhone = "UIInterfaceOrientationPortrait UIInterfaceOrientationLandscapeLeft UIInterfaceOrientationLandscapeRight";
				IPHONEOS_DEPLOYMENT_TARGET = 15.2;
				LD_RUNPATH_SEARCH_PATHS = (
					"$(inherited)",
					"@executable_path/Frameworks",
				);
				MARKETING_VERSION = 1.0;
				PRODUCT_BUNDLE_IDENTIFIER = Ososo.Seegnal;
				PRODUCT_NAME = "$(TARGET_NAME)";
				SWIFT_EMIT_LOC_STRINGS = YES;
				SWIFT_VERSION = 5.0;
				TARGETED_DEVICE_FAMILY = "1,2";
			};
			name = Debug;
		};
		783F3A1C29EA5F3A00D8424D /* Release */ = {
			isa = XCBuildConfiguration;
			buildSettings = {
				ASSETCATALOG_COMPILER_APPICON_NAME = AppIcon;
				ASSETCATALOG_COMPILER_GLOBAL_ACCENT_COLOR_NAME = AccentColor;
				CODE_SIGN_STYLE = Automatic;
				CURRENT_PROJECT_VERSION = 1;
				DEVELOPMENT_TEAM = 3ZYNC2J93W;
				GENERATE_INFOPLIST_FILE = YES;
				INFOPLIST_FILE = Seegnal/Info.plist;
				INFOPLIST_KEY_UIApplicationSupportsIndirectInputEvents = YES;
				INFOPLIST_KEY_UILaunchStoryboardName = LaunchScreen;
				INFOPLIST_KEY_UISupportedInterfaceOrientations_iPad = "UIInterfaceOrientationPortrait UIInterfaceOrientationPortraitUpsideDown UIInterfaceOrientationLandscapeLeft UIInterfaceOrientationLandscapeRight";
				INFOPLIST_KEY_UISupportedInterfaceOrientations_iPhone = "UIInterfaceOrientationPortrait UIInterfaceOrientationLandscapeLeft UIInterfaceOrientationLandscapeRight";
				IPHONEOS_DEPLOYMENT_TARGET = 15.2;
				LD_RUNPATH_SEARCH_PATHS = (
					"$(inherited)",
					"@executable_path/Frameworks",
				);
				MARKETING_VERSION = 1.0;
				PRODUCT_BUNDLE_IDENTIFIER = Ososo.Seegnal;
				PRODUCT_NAME = "$(TARGET_NAME)";
				SWIFT_EMIT_LOC_STRINGS = YES;
				SWIFT_VERSION = 5.0;
				TARGETED_DEVICE_FAMILY = "1,2";
			};
			name = Release;
		};
		783F3A1E29EA5F3A00D8424D /* Debug */ = {
			isa = XCBuildConfiguration;
			buildSettings = {
				ALWAYS_EMBED_SWIFT_STANDARD_LIBRARIES = YES;
				BUNDLE_LOADER = "$(TEST_HOST)";
				CODE_SIGN_STYLE = Automatic;
				CURRENT_PROJECT_VERSION = 1;
				DEVELOPMENT_TEAM = 3ZYNC2J93W;
				GENERATE_INFOPLIST_FILE = YES;
				IPHONEOS_DEPLOYMENT_TARGET = 16.4;
				MARKETING_VERSION = 1.0;
				PRODUCT_BUNDLE_IDENTIFIER = Ososo.SeegnalTests;
				PRODUCT_NAME = "$(TARGET_NAME)";
				SWIFT_EMIT_LOC_STRINGS = NO;
				SWIFT_VERSION = 5.0;
				TARGETED_DEVICE_FAMILY = "1,2";
				TEST_HOST = "$(BUILT_PRODUCTS_DIR)/Seegnal.app/$(BUNDLE_EXECUTABLE_FOLDER_PATH)/Seegnal";
			};
			name = Debug;
		};
		783F3A1F29EA5F3A00D8424D /* Release */ = {
			isa = XCBuildConfiguration;
			buildSettings = {
				ALWAYS_EMBED_SWIFT_STANDARD_LIBRARIES = YES;
				BUNDLE_LOADER = "$(TEST_HOST)";
				CODE_SIGN_STYLE = Automatic;
				CURRENT_PROJECT_VERSION = 1;
				DEVELOPMENT_TEAM = 3ZYNC2J93W;
				GENERATE_INFOPLIST_FILE = YES;
				IPHONEOS_DEPLOYMENT_TARGET = 16.4;
				MARKETING_VERSION = 1.0;
				PRODUCT_BUNDLE_IDENTIFIER = Ososo.SeegnalTests;
				PRODUCT_NAME = "$(TARGET_NAME)";
				SWIFT_EMIT_LOC_STRINGS = NO;
				SWIFT_VERSION = 5.0;
				TARGETED_DEVICE_FAMILY = "1,2";
				TEST_HOST = "$(BUILT_PRODUCTS_DIR)/Seegnal.app/$(BUNDLE_EXECUTABLE_FOLDER_PATH)/Seegnal";
			};
			name = Release;
		};
		783F3A2129EA5F3A00D8424D /* Debug */ = {
			isa = XCBuildConfiguration;
			buildSettings = {
				ALWAYS_EMBED_SWIFT_STANDARD_LIBRARIES = YES;
				CODE_SIGN_STYLE = Automatic;
				CURRENT_PROJECT_VERSION = 1;
				DEVELOPMENT_TEAM = 3ZYNC2J93W;
				GENERATE_INFOPLIST_FILE = YES;
				MARKETING_VERSION = 1.0;
				PRODUCT_BUNDLE_IDENTIFIER = Ososo.SeegnalUITests;
				PRODUCT_NAME = "$(TARGET_NAME)";
				SWIFT_EMIT_LOC_STRINGS = NO;
				SWIFT_VERSION = 5.0;
				TARGETED_DEVICE_FAMILY = "1,2";
				TEST_TARGET_NAME = Seegnal;
			};
			name = Debug;
		};
		783F3A2229EA5F3A00D8424D /* Release */ = {
			isa = XCBuildConfiguration;
			buildSettings = {
				ALWAYS_EMBED_SWIFT_STANDARD_LIBRARIES = YES;
				CODE_SIGN_STYLE = Automatic;
				CURRENT_PROJECT_VERSION = 1;
				DEVELOPMENT_TEAM = 3ZYNC2J93W;
				GENERATE_INFOPLIST_FILE = YES;
				MARKETING_VERSION = 1.0;
				PRODUCT_BUNDLE_IDENTIFIER = Ososo.SeegnalUITests;
				PRODUCT_NAME = "$(TARGET_NAME)";
				SWIFT_EMIT_LOC_STRINGS = NO;
				SWIFT_VERSION = 5.0;
				TARGETED_DEVICE_FAMILY = "1,2";
				TEST_TARGET_NAME = Seegnal;
			};
			name = Release;
		};
/* End XCBuildConfiguration section */

/* Begin XCConfigurationList section */
		783F39EB29EA5F3A00D8424D /* Build configuration list for PBXProject "Seegnal" */ = {
			isa = XCConfigurationList;
			buildConfigurations = (
				783F3A1829EA5F3A00D8424D /* Debug */,
				783F3A1929EA5F3A00D8424D /* Release */,
			);
			defaultConfigurationIsVisible = 0;
			defaultConfigurationName = Release;
		};
		783F3A1A29EA5F3A00D8424D /* Build configuration list for PBXNativeTarget "Seegnal" */ = {
			isa = XCConfigurationList;
			buildConfigurations = (
				783F3A1B29EA5F3A00D8424D /* Debug */,
				783F3A1C29EA5F3A00D8424D /* Release */,
			);
			defaultConfigurationIsVisible = 0;
			defaultConfigurationName = Release;
		};
		783F3A1D29EA5F3A00D8424D /* Build configuration list for PBXNativeTarget "SeegnalTests" */ = {
			isa = XCConfigurationList;
			buildConfigurations = (
				783F3A1E29EA5F3A00D8424D /* Debug */,
				783F3A1F29EA5F3A00D8424D /* Release */,
			);
			defaultConfigurationIsVisible = 0;
			defaultConfigurationName = Release;
		};
		783F3A2029EA5F3A00D8424D /* Build configuration list for PBXNativeTarget "SeegnalUITests" */ = {
			isa = XCConfigurationList;
			buildConfigurations = (
				783F3A2129EA5F3A00D8424D /* Debug */,
				783F3A2229EA5F3A00D8424D /* Release */,
			);
			defaultConfigurationIsVisible = 0;
			defaultConfigurationName = Release;
		};
/* End XCConfigurationList section */
	};
	rootObject = 783F39E829EA5F3A00D8424D /* Project object */;
}
